
Microsoft Visual Studio Solution File, Format Version 12.00
# Visual Studio Version 16
VisualStudioVersion = 16.0.31515.178
MinimumVisualStudioVersion = 10.0.40219.1
Project("{9A19103F-16F7-4668-BE54-9A1E7A4F7556}") = "MassDestruction", "MassDestruction.csproj", "{F5772455-143F-4522-8B10-689B8583A6AD}"
EndProject
Global
	GlobalSection(SolutionConfigurationPlatforms) = preSolution
		Debug|Any CPU = Debug|Any CPU
		Release|Any CPU = Release|Any CPU
	EndGlobalSection
	GlobalSection(ProjectConfigurationPlatforms) = postSolution
		{F5772455-143F-4522-8B10-689B8583A6AD}.Debug|Any CPU.ActiveCfg = Debug|Any CPU
		{F5772455-143F-4522-8B10-689B8583A6AD}.Debug|Any CPU.Build.0 = Debug|Any CPU
		{F5772455-143F-4522-8B10-689B8583A6AD}.Release|Any CPU.ActiveCfg = Release|Any CPU
		{F5772455-143F-4522-8B10-689B8583A6AD}.Release|Any CPU.Build.0 = Release|Any CPU
	EndGlobalSection
	GlobalSection(SolutionProperties) = preSolution
		HideSolutionNode = FALSE
	EndGlobalSection
	GlobalSection(ExtensibilityGlobals) = postSolution
		SolutionGuid = {A1EE214D-FEC9-4F1C-84AC-7CCBF4264B9B}
	EndGlobalSection
EndGlobal
